// !$*UTF8*$!
{
	archiveVersion = 1;
	classes = {
	};
	objectVersion = 50;
	objects = {

/* Begin PBXBuildFile section */
		3938AC1F22EEEDC0002D0902 /* AppDelegate.swift in Sources */ = {isa = PBXBuildFile; fileRef = 3938AC1E22EEEDC0002D0902 /* AppDelegate.swift */; };
		3938AC2122EEEDC0002D0902 /* ViewController.swift in Sources */ = {isa = PBXBuildFile; fileRef = 3938AC2022EEEDC0002D0902 /* ViewController.swift */; };
		3938AC2422EEEDC1002D0902 /* Main.storyboard in Resources */ = {isa = PBXBuildFile; fileRef = 3938AC2222EEEDC1002D0902 /* Main.storyboard */; };
		3938AC2622EEEDCF002D0902 /* Assets.xcassets in Resources */ = {isa = PBXBuildFile; fileRef = 3938AC2522EEEDCF002D0902 /* Assets.xcassets */; };
		3938AC2922EEEDCF002D0902 /* LaunchScreen.storyboard in Resources */ = {isa = PBXBuildFile; fileRef = 3938AC2722EEEDCF002D0902 /* LaunchScreen.storyboard */; };
		3938AC3422EEEDCF002D0902 /* TestingSwiftTests.swift in Sources */ = {isa = PBXBuildFile; fileRef = 3938AC3322EEEDCF002D0902 /* TestingSwiftTests.swift */; };
/* End PBXBuildFile section */

/* Begin PBXContainerItemProxy section */
		3938AC3022EEEDCF002D0902 /* PBXContainerItemProxy */ = {
			isa = PBXContainerItemProxy;
			containerPortal = 3938AC1322EEEDC0002D0902 /* Project object */;
			proxyType = 1;
			remoteGlobalIDString = 3938AC1A22EEEDC0002D0902;
			remoteInfo = TestingSwift;
		};
/* End PBXContainerItemProxy section */

/* Begin PBXFileReference section */
		3938AC1B22EEEDC0002D0902 /* TestingSwift.app */ = {isa = PBXFileReference; explicitFileType = wrapper.application; includeInIndex = 0; path = TestingSwift.app; sourceTree = BUILT_PRODUCTS_DIR; };
		3938AC1E22EEEDC0002D0902 /* AppDelegate.swift */ = {isa = PBXFileReference; lastKnownFileType = sourcecode.swift; path = AppDelegate.swift; sourceTree = "<group>"; };
		3938AC2022EEEDC0002D0902 /* ViewController.swift */ = {isa = PBXFileReference; lastKnownFileType = sourcecode.swift; path = ViewController.swift; sourceTree = "<group>"; };
		3938AC2322EEEDC1002D0902 /* Base */ = {isa = PBXFileReference; lastKnownFileType = file.storyboard; name = Base; path = Base.lproj/Main.storyboard; sourceTree = "<group>"; };
		3938AC2522EEEDCF002D0902 /* Assets.xcassets */ = {isa = PBXFileReference; lastKnownFileType = folder.assetcatalog; path = Assets.xcassets; sourceTree = "<group>"; };
		3938AC2822EEEDCF002D0902 /* Base */ = {isa = PBXFileReference; lastKnownFileType = file.storyboard; name = Base; path = Base.lproj/LaunchScreen.storyboard; sourceTree = "<group>"; };
		3938AC2A22EEEDCF002D0902 /* Info.plist */ = {isa = PBXFileReference; lastKnownFileType = text.plist.xml; path = Info.plist; sourceTree = "<group>"; };
		3938AC2F22EEEDCF002D0902 /* TestingSwiftTests.xctest */ = {isa = PBXFileReference; explicitFileType = wrapper.cfbundle; includeInIndex = 0; path = TestingSwiftTests.xctest; sourceTree = BUILT_PRODUCTS_DIR; };
		3938AC3322EEEDCF002D0902 /* TestingSwiftTests.swift */ = {isa = PBXFileReference; lastKnownFileType = sourcecode.swift; path = TestingSwiftTests.swift; sourceTree = "<group>"; };
		3938AC3522EEEDCF002D0902 /* Info.plist */ = {isa = PBXFileReference; lastKnownFileType = text.plist.xml; path = Info.plist; sourceTree = "<group>"; };
/* End PBXFileReference section */

/* Begin PBXFrameworksBuildPhase section */
		3938AC1822EEEDC0002D0902 /* Frameworks */ = {
			isa = PBXFrameworksBuildPhase;
			buildActionMask = 2147483647;
			files = (
			);
			runOnlyForDeploymentPostprocessing = 0;
		};
		3938AC2C22EEEDCF002D0902 /* Frameworks */ = {
			isa = PBXFrameworksBuildPhase;
			buildActionMask = 2147483647;
			files = (
			);
			runOnlyForDeploymentPostprocessing = 0;
		};
/* End PBXFrameworksBuildPhase section */

/* Begin PBXGroup section */
		3938AC1222EEEDC0002D0902 = {
			isa = PBXGroup;
			children = (
				3938AC1D22EEEDC0002D0902 /* TestingSwift */,
				3938AC3222EEEDCF002D0902 /* TestingSwiftTests */,
				3938AC1C22EEEDC0002D0902 /* Products */,
			);
			sourceTree = "<group>";
		};
		3938AC1C22EEEDC0002D0902 /* Products */ = {
			isa = PBXGroup;
			children = (
				3938AC1B22EEEDC0002D0902 /* TestingSwift.app */,
				3938AC2F22EEEDCF002D0902 /* TestingSwiftTests.xctest */,
			);
			name = Products;
			sourceTree = "<group>";
		};
		3938AC1D22EEEDC0002D0902 /* TestingSwift */ = {
			isa = PBXGroup;
			children = (
				3938AC1E22EEEDC0002D0902 /* AppDelegate.swift */,
				3938AC2022EEEDC0002D0902 /* ViewController.swift */,
				3938AC2222EEEDC1002D0902 /* Main.storyboard */,
				3938AC2522EEEDCF002D0902 /* Assets.xcassets */,
				3938AC2722EEEDCF002D0902 /* LaunchScreen.storyboard */,
				3938AC2A22EEEDCF002D0902 /* Info.plist */,
			);
			path = TestingSwift;
			sourceTree = "<group>";
		};
		3938AC3222EEEDCF002D0902 /* TestingSwiftTests */ = {
			isa = PBXGroup;
			children = (
				3938AC3322EEEDCF002D0902 /* TestingSwiftTests.swift */,
				3938AC3522EEEDCF002D0902 /* Info.plist */,
			);
			path = TestingSwiftTests;
			sourceTree = "<group>";
		};
/* End PBXGroup section */

/* Begin PBXNativeTarget section */
		3938AC1A22EEEDC0002D0902 /* TestingSwift */ = {
			isa = PBXNativeTarget;
			buildConfigurationList = 3938AC3822EEEDCF002D0902 /* Build configuration list for PBXNativeTarget "TestingSwift" */;
			buildPhases = (
				3938AC1722EEEDC0002D0902 /* Sources */,
				3938AC1822EEEDC0002D0902 /* Frameworks */,
				3938AC1922EEEDC0002D0902 /* Resources */,
			);
			buildRules = (
			);
			dependencies = (
			);
			name = TestingSwift;
			productName = TestingSwift;
			productReference = 3938AC1B22EEEDC0002D0902 /* TestingSwift.app */;
			productType = "com.apple.product-type.application";
		};
		3938AC2E22EEEDCF002D0902 /* TestingSwiftTests */ = {
			isa = PBXNativeTarget;
			buildConfigurationList = 3938AC3B22EEEDCF002D0902 /* Build configuration list for PBXNativeTarget "TestingSwiftTests" */;
			buildPhases = (
				3938AC2B22EEEDCF002D0902 /* Sources */,
				3938AC2C22EEEDCF002D0902 /* Frameworks */,
				3938AC2D22EEEDCF002D0902 /* Resources */,
			);
			buildRules = (
			);
			dependencies = (
				3938AC3122EEEDCF002D0902 /* PBXTargetDependency */,
			);
			name = TestingSwiftTests;
			productName = TestingSwiftTests;
			productReference = 3938AC2F22EEEDCF002D0902 /* TestingSwiftTests.xctest */;
			productType = "com.apple.product-type.bundle.unit-test";
		};
/* End PBXNativeTarget section */

/* Begin PBXProject section */
		3938AC1322EEEDC0002D0902 /* Project object */ = {
			isa = PBXProject;
			attributes = {
				LastSwiftUpdateCheck = 1010;
				LastUpgradeCheck = 1010;
				ORGANIZATIONNAME = Mamango;
				TargetAttributes = {
					3938AC1A22EEEDC0002D0902 = {
						CreatedOnToolsVersion = 10.1;
					};
					3938AC2E22EEEDCF002D0902 = {
						CreatedOnToolsVersion = 10.1;
						TestTargetID = 3938AC1A22EEEDC0002D0902;
					};
				};
			};
			buildConfigurationList = 3938AC1622EEEDC0002D0902 /* Build configuration list for PBXProject "TestingSwift" */;
			compatibilityVersion = "Xcode 9.3";
			developmentRegion = en;
			hasScannedForEncodings = 0;
			knownRegions = (
				en,
				Base,
			);
			mainGroup = 3938AC1222EEEDC0002D0902;
			productRefGroup = 3938AC1C22EEEDC0002D0902 /* Products */;
			projectDirPath = "";
			projectRoot = "";
			targets = (
				3938AC1A22EEEDC0002D0902 /* TestingSwift */,
				3938AC2E22EEEDCF002D0902 /* TestingSwiftTests */,
			);
		};
/* End PBXProject section */

/* Begin PBXResourcesBuildPhase section */
		3938AC1922EEEDC0002D0902 /* Resources */ = {
			isa = PBXResourcesBuildPhase;
			buildActionMask = 2147483647;
			files = (
				3938AC2922EEEDCF002D0902 /* LaunchScreen.storyboard in Resources */,
				3938AC2622EEEDCF002D0902 /* Assets.xcassets in Resources */,
				3938AC2422EEEDC1002D0902 /* Main.storyboard in Resources */,
			);
			runOnlyForDeploymentPostprocessing = 0;
		};
		3938AC2D22EEEDCF002D0902 /* Resources */ = {
			isa = PBXResourcesBuildPhase;
			buildActionMask = 2147483647;
			files = (
			);
			runOnlyForDeploymentPostprocessing = 0;
		};
/* End PBXResourcesBuildPhase section */

/* Begin PBXSourcesBuildPhase section */
		3938AC1722EEEDC0002D0902 /* Sources */ = {
			isa = PBXSourcesBuildPhase;
			buildActionMask = 2147483647;
			files = (
				3938AC2122EEEDC0002D0902 /* ViewController.swift in Sources */,
				3938AC1F22EEEDC0002D0902 /* AppDelegate.swift in Sources */,
			);
			runOnlyForDeploymentPostprocessing = 0;
		};
		3938AC2B22EEEDCF002D0902 /* Sources */ = {
			isa = PBXSourcesBuildPhase;
			buildActionMask = 2147483647;
			files = (
				3938AC3422EEEDCF002D0902 /* TestingSwiftTests.swift in Sources */,
			);
			runOnlyForDeploymentPostprocessing = 0;
		};
/* End PBXSourcesBuildPhase section */

/* Begin PBXTargetDependency section */
		3938AC3122EEEDCF002D0902 /* PBXTargetDependency */ = {
			isa = PBXTargetDependency;
			target = 3938AC1A22EEEDC0002D0902 /* TestingSwift */;
			targetProxy = 3938AC3022EEEDCF002D0902 /* PBXContainerItemProxy */;
		};
/* End PBXTargetDependency section */

/* Begin PBXVariantGroup section */
		3938AC2222EEEDC1002D0902 /* Main.storyboard */ = {
			isa = PBXVariantGroup;
			children = (
				3938AC2322EEEDC1002D0902 /* Base */,
			);
			name = Main.storyboard;
			sourceTree = "<group>";
		};
		3938AC2722EEEDCF002D0902 /* LaunchScreen.storyboard */ = {
			isa = PBXVariantGroup;
			children = (
				3938AC2822EEEDCF002D0902 /* Base */,
			);
			name = LaunchScreen.storyboard;
			sourceTree = "<group>";
		};
/* End PBXVariantGroup section */

/* Begin XCBuildConfiguration section */
		3938AC3622EEEDCF002D0902 /* Debug */ = {
			isa = XCBuildConfiguration;
			buildSettings = {
				ALWAYS_SEARCH_USER_PATHS = NO;
				CLANG_ANALYZER_NONNULL = YES;
				CLANG_ANALYZER_NUMBER_OBJECT_CONVERSION = YES_AGGRESSIVE;
				CLANG_CXX_LANGUAGE_STANDARD = "gnu++14";
				CLANG_CXX_LIBRARY = "libc++";
				CLANG_ENABLE_MODULES = YES;
				CLANG_ENABLE_OBJC_ARC = YES;
				CLANG_ENABLE_OBJC_WEAK = YES;
				CLANG_WARN_BLOCK_CAPTURE_AUTORELEASING = YES;
				CLANG_WARN_BOOL_CONVERSION = YES;
				CLANG_WARN_COMMA = YES;
				CLANG_WARN_CONSTANT_CONVERSION = YES;
				CLANG_WARN_DEPRECATED_OBJC_IMPLEMENTATIONS = YES;
				CLANG_WARN_DIRECT_OBJC_ISA_USAGE = YES_ERROR;
				CLANG_WARN_DOCUMENTATION_COMMENTS = YES;
				CLANG_WARN_EMPTY_BODY = YES;
				CLANG_WARN_ENUM_CONVERSION = YES;
				CLANG_WARN_INFINITE_RECURSION = YES;
				CLANG_WARN_INT_CONVERSION = YES;
				CLANG_WARN_NON_LITERAL_NULL_CONVERSION = YES;
				CLANG_WARN_OBJC_IMPLICIT_RETAIN_SELF = YES;
				CLANG_WARN_OBJC_LITERAL_CONVERSION = YES;
				CLANG_WARN_OBJC_ROOT_CLASS = YES_ERROR;
				CLANG_WARN_RANGE_LOOP_ANALYSIS = YES;
				CLANG_WARN_STRICT_PROTOTYPES = YES;
				CLANG_WARN_SUSPICIOUS_MOVE = YES;
				CLANG_WARN_UNGUARDED_AVAILABILITY = YES_AGGRESSIVE;
				CLANG_WARN_UNREACHABLE_CODE = YES;
				CLANG_WARN__DUPLICATE_METHOD_MATCH = YES;
				CODE_SIGN_IDENTITY = "iPhone Developer";
				COPY_PHASE_STRIP = NO;
				DEBUG_INFORMATION_FORMAT = dwarf;
				ENABLE_STRICT_OBJC_MSGSEND = YES;
				ENABLE_TESTABILITY = YES;
				GCC_C_LANGUAGE_STANDARD = gnu11;
				GCC_DYNAMIC_NO_PIC = NO;
				GCC_NO_COMMON_BLOCKS = YES;
				GCC_OPTIMIZATION_LEVEL = 0;
				GCC_PREPROCESSOR_DEFINITIONS = (
					"DEBUG=1",
					"$(inherited)",
				);
				GCC_WARN_64_TO_32_BIT_CONVERSION = YES;
				GCC_WARN_ABOUT_RETURN_TYPE = YES_ERROR;
				GCC_WARN_UNDECLARED_SELECTOR = YES;
				GCC_WARN_UNINITIALIZED_AUTOS = YES_AGGRESSIVE;
				GCC_WARN_UNUSED_FUNCTION = YES;
				GCC_WARN_UNUSED_VARIABLE = YES;
				IPHONEOS_DEPLOYMENT_TARGET = 12.1;
				MTL_ENABLE_DEBUG_INFO = INCLUDE_SOURCE;
				MTL_FAST_MATH = YES;
				ONLY_ACTIVE_ARCH = YES;
				SDKROOT = iphoneos;
				SWIFT_ACTIVE_COMPILATION_CONDITIONS = DEBUG;
				SWIFT_OPTIMIZATION_LEVEL = "-Onone";
			};
			name = Debug;
		};
		3938AC3722EEEDCF002D0902 /* Release */ = {
			isa = XCBuildConfiguration;
			buildSettings = {
				ALWAYS_SEARCH_USER_PATHS = NO;
				CLANG_ANALYZER_NONNULL = YES;
				CLANG_ANALYZER_NUMBER_OBJECT_CONVERSION = YES_AGGRESSIVE;
				CLANG_CXX_LANGUAGE_STANDARD = "gnu++14";
				CLANG_CXX_LIBRARY = "libc++";
				CLANG_ENABLE_MODULES = YES;
				CLANG_ENABLE_OBJC_ARC = YES;
				CLANG_ENABLE_OBJC_WEAK = YES;
				CLANG_WARN_BLOCK_CAPTURE_AUTORELEASING = YES;
				CLANG_WARN_BOOL_CONVERSION = YES;
				CLANG_WARN_COMMA = YES;
				CLANG_WARN_CONSTANT_CONVERSION = YES;
				CLANG_WARN_DEPRECATED_OBJC_IMPLEMENTATIONS = YES;
				CLANG_WARN_DIRECT_OBJC_ISA_USAGE = YES_ERROR;
				CLANG_WARN_DOCUMENTATION_COMMENTS = YES;
				CLANG_WARN_EMPTY_BODY = YES;
				CLANG_WARN_ENUM_CONVERSION = YES;
				CLANG_WARN_INFINITE_RECURSION = YES;
				CLANG_WARN_INT_CONVERSION = YES;
				CLANG_WARN_NON_LITERAL_NULL_CONVERSION = YES;
				CLANG_WARN_OBJC_IMPLICIT_RETAIN_SELF = YES;
				CLANG_WARN_OBJC_LITERAL_CONVERSION = YES;
				CLANG_WARN_OBJC_ROOT_CLASS = YES_ERROR;
				CLANG_WARN_RANGE_LOOP_ANALYSIS = YES;
				CLANG_WARN_STRICT_PROTOTYPES = YES;
				CLANG_WARN_SUSPICIOUS_MOVE = YES;
				CLANG_WARN_UNGUARDED_AVAILABILITY = YES_AGGRESSIVE;
				CLANG_WARN_UNREACHABLE_CODE = YES;
				CLANG_WARN__DUPLICATE_METHOD_MATCH = YES;
				CODE_SIGN_IDENTITY = "iPhone Developer";
				COPY_PHASE_STRIP = NO;
				DEBUG_INFORMATION_FORMAT = "dwarf-with-dsym";
				ENABLE_NS_ASSERTIONS = NO;
				ENABLE_STRICT_OBJC_MSGSEND = YES;
				GCC_C_LANGUAGE_STANDARD = gnu11;
				GCC_NO_COMMON_BLOCKS = YES;
				GCC_WARN_64_TO_32_BIT_CONVERSION = YES;
				GCC_WARN_ABOUT_RETURN_TYPE = YES_ERROR;
				GCC_WARN_UNDECLARED_SELECTOR = YES;
				GCC_WARN_UNINITIALIZED_AUTOS = YES_AGGRESSIVE;
				GCC_WARN_UNUSED_FUNCTION = YES;
				GCC_WARN_UNUSED_VARIABLE = YES;
				IPHONEOS_DEPLOYMENT_TARGET = 12.1;
				MTL_ENABLE_DEBUG_INFO = NO;
				MTL_FAST_MATH = YES;
				SDKROOT = iphoneos;
				SWIFT_COMPILATION_MODE = wholemodule;
				SWIFT_OPTIMIZATION_LEVEL = "-O";
				VALIDATE_PRODUCT = YES;
			};
			name = Release;
		};
		3938AC3922EEEDCF002D0902 /* Debug */ = {
			isa = XCBuildConfiguration;
			buildSettings = {
				ASSETCATALOG_COMPILER_APPICON_NAME = AppIcon;
				CODE_SIGN_STYLE = Automatic;
				INFOPLIST_FILE = TestingSwift/Info.plist;
				LD_RUNPATH_SEARCH_PATHS = (
					"$(inherited)",
					"@executable_path/Frameworks",
				);
				PRODUCT_BUNDLE_IDENTIFIER = com.mamango.TestingSwift;
				PRODUCT_NAME = "$(TARGET_NAME)";
				SWIFT_VERSION = 4.2;
				TARGETED_DEVICE_FAMILY = "1,2";
			};
			name = Debug;
		};
		3938AC3A22EEEDCF002D0902 /* Release */ = {
			isa = XCBuildConfiguration;
			buildSettings = {
				ASSETCATALOG_COMPILER_APPICON_NAME = AppIcon;
				CODE_SIGN_STYLE = Automatic;
				INFOPLIST_FILE = TestingSwift/Info.plist;
				LD_RUNPATH_SEARCH_PATHS = (
					"$(inherited)",
					"@executable_path/Frameworks",
				);
				PRODUCT_BUNDLE_IDENTIFIER = com.mamango.TestingSwift;
				PRODUCT_NAME = "$(TARGET_NAME)";
				SWIFT_VERSION = 4.2;
				TARGETED_DEVICE_FAMILY = "1,2";
			};
			name = Release;
		};
		3938AC3C22EEEDCF002D0902 /* Debug */ = {
			isa = XCBuildConfiguration;
			buildSettings = {
				ALWAYS_EMBED_SWIFT_STANDARD_LIBRARIES = YES;
				BUNDLE_LOADER = "$(TEST_HOST)";
				CODE_SIGN_STYLE = Automatic;
				INFOPLIST_FILE = TestingSwiftTests/Info.plist;
				LD_RUNPATH_SEARCH_PATHS = (
					"$(inherited)",
					"@executable_path/Frameworks",
					"@loader_path/Frameworks",
				);
				PRODUCT_BUNDLE_IDENTIFIER = com.mamango.TestingSwiftTests;
				PRODUCT_NAME = "$(TARGET_NAME)";
				SWIFT_VERSION = 4.2;
				TARGETED_DEVICE_FAMILY = "1,2";
				TEST_HOST = "$(BUILT_PRODUCTS_DIR)/TestingSwift.app/TestingSwift";
			};
			name = Debug;
		};
		3938AC3D22EEEDCF002D0902 /* Release */ = {
			isa = XCBuildConfiguration;
			buildSettings = {
				ALWAYS_EMBED_SWIFT_STANDARD_LIBRARIES = YES;
				BUNDLE_LOADER = "$(TEST_HOST)";
				CODE_SIGN_STYLE = Automatic;
				INFOPLIST_FILE = TestingSwiftTests/Info.plist;
				LD_RUNPATH_SEARCH_PATHS = (
					"$(inherited)",
					"@executable_path/Frameworks",
					"@loader_path/Frameworks",
				);
				PRODUCT_BUNDLE_IDENTIFIER = com.mamango.TestingSwiftTests;
				PRODUCT_NAME = "$(TARGET_NAME)";
				SWIFT_VERSION = 4.2;
				TARGETED_DEVICE_FAMILY = "1,2";
				TEST_HOST = "$(BUILT_PRODUCTS_DIR)/TestingSwift.app/TestingSwift";
			};
			name = Release;
		};
/* End XCBuildConfiguration section */

/* Begin XCConfigurationList section */
		3938AC1622EEEDC0002D0902 /* Build configuration list for PBXProject "TestingSwift" */ = {
			isa = XCConfigurationList;
			buildConfigurations = (
				3938AC3622EEEDCF002D0902 /* Debug */,
				3938AC3722EEEDCF002D0902 /* Release */,
			);
			defaultConfigurationIsVisible = 0;
			defaultConfigurationName = Release;
		};
		3938AC3822EEEDCF002D0902 /* Build configuration list for PBXNativeTarget "TestingSwift" */ = {
			isa = XCConfigurationList;
			buildConfigurations = (
				3938AC3922EEEDCF002D0902 /* Debug */,
				3938AC3A22EEEDCF002D0902 /* Release */,
			);
			defaultConfigurationIsVisible = 0;
			defaultConfigurationName = Release;
		};
		3938AC3B22EEEDCF002D0902 /* Build configuration list for PBXNativeTarget "TestingSwiftTests" */ = {
			isa = XCConfigurationList;
			buildConfigurations = (
				3938AC3C22EEEDCF002D0902 /* Debug */,
				3938AC3D22EEEDCF002D0902 /* Release */,
			);
			defaultConfigurationIsVisible = 0;
			defaultConfigurationName = Release;
		};
/* End XCConfigurationList section */
	};
	rootObject = 3938AC1322EEEDC0002D0902 /* Project object */;
}
